
Microsoft Visual Studio Solution File, Format Version 12.00
# Visual Studio Version 17
VisualStudioVersion = 17.13.35919.96 d17.13
MinimumVisualStudioVersion = 10.0.40219.1
Project("{FAE04EC0-301F-11D3-BF4B-00C04F79EFBC}") = "artstudio", "artstudio.csproj", "{74F8FBE7-1F56-4D50-B50D-B014117D2A29}"
EndProject
Global
	GlobalSection(SolutionConfigurationPlatforms) = preSolution
		Debug|Any CPU = Debug|Any CPU
		Release|Any CPU = Release|Any CPU
	EndGlobalSection
	GlobalSection(ProjectConfigurationPlatforms) = postSolution
		{74F8FBE7-1F56-4D50-B50D-B014117D2A29}.Debug|Any CPU.ActiveCfg = Debug|Any CPU
		{74F8FBE7-1F56-4D50-B50D-B014117D2A29}.Debug|Any CPU.Build.0 = Debug|Any CPU
		{74F8FBE7-1F56-4D50-B50D-B014117D2A29}.Release|Any CPU.ActiveCfg = Release|Any CPU
		{74F8FBE7-1F56-4D50-B50D-B014117D2A29}.Release|Any CPU.Build.0 = Release|Any CPU
	EndGlobalSection
	GlobalSection(SolutionProperties) = preSolution
		HideSolutionNode = FALSE
	EndGlobalSection
	GlobalSection(ExtensibilityGlobals) = postSolution
		SolutionGuid = {BF2EE395-D3CA-4F9A-BED6-416B1D59C810}
	EndGlobalSection
EndGlobal
